
Microsoft Visual Studio Solution File, Format Version 12.00
# Visual Studio Version 17
VisualStudioVersion = 17.5.33502.453
MinimumVisualStudioVersion = 10.0.40219.1
Project("{FAE04EC0-301F-11D3-BF4B-00C04F79EFBC}") = "PemberitahuanKonfirmasi", "PemberitahuanKonfirmasi\PemberitahuanKonfirmasi.csproj", "{05AB2B1B-145B-43E4-8B30-C415C4AC90F8}"
EndProject
Global
	GlobalSection(SolutionConfigurationPlatforms) = preSolution
		Debug|Any CPU = Debug|Any CPU
		Release|Any CPU = Release|Any CPU
	EndGlobalSection
	GlobalSection(ProjectConfigurationPlatforms) = postSolution
		{05AB2B1B-145B-43E4-8B30-C415C4AC90F8}.Debug|Any CPU.ActiveCfg = Debug|Any CPU
		{05AB2B1B-145B-43E4-8B30-C415C4AC90F8}.Debug|Any CPU.Build.0 = Debug|Any CPU
		{05AB2B1B-145B-43E4-8B30-C415C4AC90F8}.Release|Any CPU.ActiveCfg = Release|Any CPU
		{05AB2B1B-145B-43E4-8B30-C415C4AC90F8}.Release|Any CPU.Build.0 = Release|Any CPU
	EndGlobalSection
	GlobalSection(SolutionProperties) = preSolution
		HideSolutionNode = FALSE
	EndGlobalSection
	GlobalSection(ExtensibilityGlobals) = postSolution
		SolutionGuid = {F76B1324-4DB2-46A2-B6B7-6A6852087269}
	EndGlobalSection
EndGlobal
